// !$*UTF8*$!
{
	archiveVersion = 1;
	classes = {
	};
	objectVersion = 50;
	objects = {

/* Begin PBXBuildFile section */
		BE7AE3F324D8A6D800D357A9 /* AppDelegate.swift in Sources */ = {isa = PBXBuildFile; fileRef = BE7AE3F224D8A6D800D357A9 /* AppDelegate.swift */; };
		BE7AE3F524D8A6D800D357A9 /* SceneDelegate.swift in Sources */ = {isa = PBXBuildFile; fileRef = BE7AE3F424D8A6D800D357A9 /* SceneDelegate.swift */; };
		BE7AE3F724D8A6D800D357A9 /* ViewController.swift in Sources */ = {isa = PBXBuildFile; fileRef = BE7AE3F624D8A6D800D357A9 /* ViewController.swift */; };
		BE7AE3FA24D8A6D800D357A9 /* Main.storyboard in Resources */ = {isa = PBXBuildFile; fileRef = BE7AE3F824D8A6D800D357A9 /* Main.storyboard */; };
		BE7AE3FD24D8A6D800D357A9 /* RetroCollector.xcdatamodeld in Sources */ = {isa = PBXBuildFile; fileRef = BE7AE3FB24D8A6D800D357A9 /* RetroCollector.xcdatamodeld */; };
		BE7AE3FF24D8A6DB00D357A9 /* Assets.xcassets in Resources */ = {isa = PBXBuildFile; fileRef = BE7AE3FE24D8A6DB00D357A9 /* Assets.xcassets */; };
		BE7AE40224D8A6DB00D357A9 /* LaunchScreen.storyboard in Resources */ = {isa = PBXBuildFile; fileRef = BE7AE40024D8A6DB00D357A9 /* LaunchScreen.storyboard */; };
		BE7AE40D24D8A6DB00D357A9 /* RetroCollectorTests.swift in Sources */ = {isa = PBXBuildFile; fileRef = BE7AE40C24D8A6DB00D357A9 /* RetroCollectorTests.swift */; };
/* End PBXBuildFile section */

/* Begin PBXContainerItemProxy section */
		BE7AE40924D8A6DB00D357A9 /* PBXContainerItemProxy */ = {
			isa = PBXContainerItemProxy;
			containerPortal = BE7AE3E724D8A6D800D357A9 /* Project object */;
			proxyType = 1;
			remoteGlobalIDString = BE7AE3EE24D8A6D800D357A9;
			remoteInfo = RetroCollector;
		};
/* End PBXContainerItemProxy section */

/* Begin PBXFileReference section */
		BE7AE3EF24D8A6D800D357A9 /* RetroCollector.app */ = {isa = PBXFileReference; explicitFileType = wrapper.application; includeInIndex = 0; path = RetroCollector.app; sourceTree = BUILT_PRODUCTS_DIR; };
		BE7AE3F224D8A6D800D357A9 /* AppDelegate.swift */ = {isa = PBXFileReference; lastKnownFileType = sourcecode.swift; path = AppDelegate.swift; sourceTree = "<group>"; };
		BE7AE3F424D8A6D800D357A9 /* SceneDelegate.swift */ = {isa = PBXFileReference; lastKnownFileType = sourcecode.swift; path = SceneDelegate.swift; sourceTree = "<group>"; };
		BE7AE3F624D8A6D800D357A9 /* ViewController.swift */ = {isa = PBXFileReference; lastKnownFileType = sourcecode.swift; path = ViewController.swift; sourceTree = "<group>"; };
		BE7AE3F924D8A6D800D357A9 /* Base */ = {isa = PBXFileReference; lastKnownFileType = file.storyboard; name = Base; path = Base.lproj/Main.storyboard; sourceTree = "<group>"; };
		BE7AE3FC24D8A6D800D357A9 /* RetroCollector.xcdatamodel */ = {isa = PBXFileReference; lastKnownFileType = wrapper.xcdatamodel; path = RetroCollector.xcdatamodel; sourceTree = "<group>"; };
		BE7AE3FE24D8A6DB00D357A9 /* Assets.xcassets */ = {isa = PBXFileReference; lastKnownFileType = folder.assetcatalog; path = Assets.xcassets; sourceTree = "<group>"; };
		BE7AE40124D8A6DB00D357A9 /* Base */ = {isa = PBXFileReference; lastKnownFileType = file.storyboard; name = Base; path = Base.lproj/LaunchScreen.storyboard; sourceTree = "<group>"; };
		BE7AE40324D8A6DB00D357A9 /* Info.plist */ = {isa = PBXFileReference; lastKnownFileType = text.plist.xml; path = Info.plist; sourceTree = "<group>"; };
		BE7AE40824D8A6DB00D357A9 /* RetroCollectorTests.xctest */ = {isa = PBXFileReference; explicitFileType = wrapper.cfbundle; includeInIndex = 0; path = RetroCollectorTests.xctest; sourceTree = BUILT_PRODUCTS_DIR; };
		BE7AE40C24D8A6DB00D357A9 /* RetroCollectorTests.swift */ = {isa = PBXFileReference; lastKnownFileType = sourcecode.swift; path = RetroCollectorTests.swift; sourceTree = "<group>"; };
		BE7AE40E24D8A6DB00D357A9 /* Info.plist */ = {isa = PBXFileReference; lastKnownFileType = text.plist.xml; path = Info.plist; sourceTree = "<group>"; };
/* End PBXFileReference section */

/* Begin PBXFrameworksBuildPhase section */
		BE7AE3EC24D8A6D800D357A9 /* Frameworks */ = {
			isa = PBXFrameworksBuildPhase;
			buildActionMask = 2147483647;
			files = (
			);
			runOnlyForDeploymentPostprocessing = 0;
		};
		BE7AE40524D8A6DB00D357A9 /* Frameworks */ = {
			isa = PBXFrameworksBuildPhase;
			buildActionMask = 2147483647;
			files = (
			);
			runOnlyForDeploymentPostprocessing = 0;
		};
/* End PBXFrameworksBuildPhase section */

/* Begin PBXGroup section */
		BE7AE3E624D8A6D800D357A9 = {
			isa = PBXGroup;
			children = (
				BE7AE3F124D8A6D800D357A9 /* RetroCollector */,
				BE7AE40B24D8A6DB00D357A9 /* RetroCollectorTests */,
				BE7AE3F024D8A6D800D357A9 /* Products */,
			);
			sourceTree = "<group>";
		};
		BE7AE3F024D8A6D800D357A9 /* Products */ = {
			isa = PBXGroup;
			children = (
				BE7AE3EF24D8A6D800D357A9 /* RetroCollector.app */,
				BE7AE40824D8A6DB00D357A9 /* RetroCollectorTests.xctest */,
			);
			name = Products;
			sourceTree = "<group>";
		};
		BE7AE3F124D8A6D800D357A9 /* RetroCollector */ = {
			isa = PBXGroup;
			children = (
				BE7AE3F224D8A6D800D357A9 /* AppDelegate.swift */,
				BE7AE3F424D8A6D800D357A9 /* SceneDelegate.swift */,
				BE7AE3F624D8A6D800D357A9 /* ViewController.swift */,
				BE7AE3F824D8A6D800D357A9 /* Main.storyboard */,
				BE7AE3FE24D8A6DB00D357A9 /* Assets.xcassets */,
				BE7AE40024D8A6DB00D357A9 /* LaunchScreen.storyboard */,
				BE7AE40324D8A6DB00D357A9 /* Info.plist */,
				BE7AE3FB24D8A6D800D357A9 /* RetroCollector.xcdatamodeld */,
			);
			path = RetroCollector;
			sourceTree = "<group>";
		};
		BE7AE40B24D8A6DB00D357A9 /* RetroCollectorTests */ = {
			isa = PBXGroup;
			children = (
				BE7AE40C24D8A6DB00D357A9 /* RetroCollectorTests.swift */,
				BE7AE40E24D8A6DB00D357A9 /* Info.plist */,
			);
			path = RetroCollectorTests;
			sourceTree = "<group>";
		};
/* End PBXGroup section */

/* Begin PBXNativeTarget section */
		BE7AE3EE24D8A6D800D357A9 /* RetroCollector */ = {
			isa = PBXNativeTarget;
			buildConfigurationList = BE7AE41124D8A6DB00D357A9 /* Build configuration list for PBXNativeTarget "RetroCollector" */;
			buildPhases = (
				BE7AE3EB24D8A6D800D357A9 /* Sources */,
				BE7AE3EC24D8A6D800D357A9 /* Frameworks */,
				BE7AE3ED24D8A6D800D357A9 /* Resources */,
			);
			buildRules = (
			);
			dependencies = (
			);
			name = RetroCollector;
			productName = RetroCollector;
			productReference = BE7AE3EF24D8A6D800D357A9 /* RetroCollector.app */;
			productType = "com.apple.product-type.application";
		};
		BE7AE40724D8A6DB00D357A9 /* RetroCollectorTests */ = {
			isa = PBXNativeTarget;
			buildConfigurationList = BE7AE41424D8A6DB00D357A9 /* Build configuration list for PBXNativeTarget "RetroCollectorTests" */;
			buildPhases = (
				BE7AE40424D8A6DB00D357A9 /* Sources */,
				BE7AE40524D8A6DB00D357A9 /* Frameworks */,
				BE7AE40624D8A6DB00D357A9 /* Resources */,
			);
			buildRules = (
			);
			dependencies = (
				BE7AE40A24D8A6DB00D357A9 /* PBXTargetDependency */,
			);
			name = RetroCollectorTests;
			productName = RetroCollectorTests;
			productReference = BE7AE40824D8A6DB00D357A9 /* RetroCollectorTests.xctest */;
			productType = "com.apple.product-type.bundle.unit-test";
		};
/* End PBXNativeTarget section */

/* Begin PBXProject section */
		BE7AE3E724D8A6D800D357A9 /* Project object */ = {
			isa = PBXProject;
			attributes = {
				LastSwiftUpdateCheck = 1160;
				LastUpgradeCheck = 1160;
				ORGANIZATIONNAME = "Manuel Carvalho";
				TargetAttributes = {
					BE7AE3EE24D8A6D800D357A9 = {
						CreatedOnToolsVersion = 11.6;
					};
					BE7AE40724D8A6DB00D357A9 = {
						CreatedOnToolsVersion = 11.6;
						TestTargetID = BE7AE3EE24D8A6D800D357A9;
					};
				};
			};
			buildConfigurationList = BE7AE3EA24D8A6D800D357A9 /* Build configuration list for PBXProject "RetroCollector" */;
			compatibilityVersion = "Xcode 9.3";
			developmentRegion = en;
			hasScannedForEncodings = 0;
			knownRegions = (
				en,
				Base,
			);
			mainGroup = BE7AE3E624D8A6D800D357A9;
			productRefGroup = BE7AE3F024D8A6D800D357A9 /* Products */;
			projectDirPath = "";
			projectRoot = "";
			targets = (
				BE7AE3EE24D8A6D800D357A9 /* RetroCollector */,
				BE7AE40724D8A6DB00D357A9 /* RetroCollectorTests */,
			);
		};
/* End PBXProject section */

/* Begin PBXResourcesBuildPhase section */
		BE7AE3ED24D8A6D800D357A9 /* Resources */ = {
			isa = PBXResourcesBuildPhase;
			buildActionMask = 2147483647;
			files = (
				BE7AE40224D8A6DB00D357A9 /* LaunchScreen.storyboard in Resources */,
				BE7AE3FF24D8A6DB00D357A9 /* Assets.xcassets in Resources */,
				BE7AE3FA24D8A6D800D357A9 /* Main.storyboard in Resources */,
			);
			runOnlyForDeploymentPostprocessing = 0;
		};
		BE7AE40624D8A6DB00D357A9 /* Resources */ = {
			isa = PBXResourcesBuildPhase;
			buildActionMask = 2147483647;
			files = (
			);
			runOnlyForDeploymentPostprocessing = 0;
		};
/* End PBXResourcesBuildPhase section */

/* Begin PBXSourcesBuildPhase section */
		BE7AE3EB24D8A6D800D357A9 /* Sources */ = {
			isa = PBXSourcesBuildPhase;
			buildActionMask = 2147483647;
			files = (
				BE7AE3F724D8A6D800D357A9 /* ViewController.swift in Sources */,
				BE7AE3F324D8A6D800D357A9 /* AppDelegate.swift in Sources */,
				BE7AE3FD24D8A6D800D357A9 /* RetroCollector.xcdatamodeld in Sources */,
				BE7AE3F524D8A6D800D357A9 /* SceneDelegate.swift in Sources */,
			);
			runOnlyForDeploymentPostprocessing = 0;
		};
		BE7AE40424D8A6DB00D357A9 /* Sources */ = {
			isa = PBXSourcesBuildPhase;
			buildActionMask = 2147483647;
			files = (
				BE7AE40D24D8A6DB00D357A9 /* RetroCollectorTests.swift in Sources */,
			);
			runOnlyForDeploymentPostprocessing = 0;
		};
/* End PBXSourcesBuildPhase section */

/* Begin PBXTargetDependency section */
		BE7AE40A24D8A6DB00D357A9 /* PBXTargetDependency */ = {
			isa = PBXTargetDependency;
			target = BE7AE3EE24D8A6D800D357A9 /* RetroCollector */;
			targetProxy = BE7AE40924D8A6DB00D357A9 /* PBXContainerItemProxy */;
		};
/* End PBXTargetDependency section */

/* Begin PBXVariantGroup section */
		BE7AE3F824D8A6D800D357A9 /* Main.storyboard */ = {
			isa = PBXVariantGroup;
			children = (
				BE7AE3F924D8A6D800D357A9 /* Base */,
			);
			name = Main.storyboard;
			sourceTree = "<group>";
		};
		BE7AE40024D8A6DB00D357A9 /* LaunchScreen.storyboard */ = {
			isa = PBXVariantGroup;
			children = (
				BE7AE40124D8A6DB00D357A9 /* Base */,
			);
			name = LaunchScreen.storyboard;
			sourceTree = "<group>";
		};
/* End PBXVariantGroup section */

/* Begin XCBuildConfiguration section */
		BE7AE40F24D8A6DB00D357A9 /* Debug */ = {
			isa = XCBuildConfiguration;
			buildSettings = {
				ALWAYS_SEARCH_USER_PATHS = NO;
				CLANG_ANALYZER_NONNULL = YES;
				CLANG_ANALYZER_NUMBER_OBJECT_CONVERSION = YES_AGGRESSIVE;
				CLANG_CXX_LANGUAGE_STANDARD = "gnu++14";
				CLANG_CXX_LIBRARY = "libc++";
				CLANG_ENABLE_MODULES = YES;
				CLANG_ENABLE_OBJC_ARC = YES;
				CLANG_ENABLE_OBJC_WEAK = YES;
				CLANG_WARN_BLOCK_CAPTURE_AUTORELEASING = YES;
				CLANG_WARN_BOOL_CONVERSION = YES;
				CLANG_WARN_COMMA = YES;
				CLANG_WARN_CONSTANT_CONVERSION = YES;
				CLANG_WARN_DEPRECATED_OBJC_IMPLEMENTATIONS = YES;
				CLANG_WARN_DIRECT_OBJC_ISA_USAGE = YES_ERROR;
				CLANG_WARN_DOCUMENTATION_COMMENTS = YES;
				CLANG_WARN_EMPTY_BODY = YES;
				CLANG_WARN_ENUM_CONVERSION = YES;
				CLANG_WARN_INFINITE_RECURSION = YES;
				CLANG_WARN_INT_CONVERSION = YES;
				CLANG_WARN_NON_LITERAL_NULL_CONVERSION = YES;
				CLANG_WARN_OBJC_IMPLICIT_RETAIN_SELF = YES;
				CLANG_WARN_OBJC_LITERAL_CONVERSION = YES;
				CLANG_WARN_OBJC_ROOT_CLASS = YES_ERROR;
				CLANG_WARN_RANGE_LOOP_ANALYSIS = YES;
				CLANG_WARN_STRICT_PROTOTYPES = YES;
				CLANG_WARN_SUSPICIOUS_MOVE = YES;
				CLANG_WARN_UNGUARDED_AVAILABILITY = YES_AGGRESSIVE;
				CLANG_WARN_UNREACHABLE_CODE = YES;
				CLANG_WARN__DUPLICATE_METHOD_MATCH = YES;
				COPY_PHASE_STRIP = NO;
				DEBUG_INFORMATION_FORMAT = dwarf;
				ENABLE_STRICT_OBJC_MSGSEND = YES;
				ENABLE_TESTABILITY = YES;
				GCC_C_LANGUAGE_STANDARD = gnu11;
				GCC_DYNAMIC_NO_PIC = NO;
				GCC_NO_COMMON_BLOCKS = YES;
				GCC_OPTIMIZATION_LEVEL = 0;
				GCC_PREPROCESSOR_DEFINITIONS = (
					"DEBUG=1",
					"$(inherited)",
				);
				GCC_WARN_64_TO_32_BIT_CONVERSION = YES;
				GCC_WARN_ABOUT_RETURN_TYPE = YES_ERROR;
				GCC_WARN_UNDECLARED_SELECTOR = YES;
				GCC_WARN_UNINITIALIZED_AUTOS = YES_AGGRESSIVE;
				GCC_WARN_UNUSED_FUNCTION = YES;
				GCC_WARN_UNUSED_VARIABLE = YES;
				IPHONEOS_DEPLOYMENT_TARGET = 13.6;
				MTL_ENABLE_DEBUG_INFO = INCLUDE_SOURCE;
				MTL_FAST_MATH = YES;
				ONLY_ACTIVE_ARCH = YES;
				SDKROOT = iphoneos;
				SWIFT_ACTIVE_COMPILATION_CONDITIONS = DEBUG;
				SWIFT_OPTIMIZATION_LEVEL = "-Onone";
			};
			name = Debug;
		};
		BE7AE41024D8A6DB00D357A9 /* Release */ = {
			isa = XCBuildConfiguration;
			buildSettings = {
				ALWAYS_SEARCH_USER_PATHS = NO;
				CLANG_ANALYZER_NONNULL = YES;
				CLANG_ANALYZER_NUMBER_OBJECT_CONVERSION = YES_AGGRESSIVE;
				CLANG_CXX_LANGUAGE_STANDARD = "gnu++14";
				CLANG_CXX_LIBRARY = "libc++";
				CLANG_ENABLE_MODULES = YES;
				CLANG_ENABLE_OBJC_ARC = YES;
				CLANG_ENABLE_OBJC_WEAK = YES;
				CLANG_WARN_BLOCK_CAPTURE_AUTORELEASING = YES;
				CLANG_WARN_BOOL_CONVERSION = YES;
				CLANG_WARN_COMMA = YES;
				CLANG_WARN_CONSTANT_CONVERSION = YES;
				CLANG_WARN_DEPRECATED_OBJC_IMPLEMENTATIONS = YES;
				CLANG_WARN_DIRECT_OBJC_ISA_USAGE = YES_ERROR;
				CLANG_WARN_DOCUMENTATION_COMMENTS = YES;
				CLANG_WARN_EMPTY_BODY = YES;
				CLANG_WARN_ENUM_CONVERSION = YES;
				CLANG_WARN_INFINITE_RECURSION = YES;
				CLANG_WARN_INT_CONVERSION = YES;
				CLANG_WARN_NON_LITERAL_NULL_CONVERSION = YES;
				CLANG_WARN_OBJC_IMPLICIT_RETAIN_SELF = YES;
				CLANG_WARN_OBJC_LITERAL_CONVERSION = YES;
				CLANG_WARN_OBJC_ROOT_CLASS = YES_ERROR;
				CLANG_WARN_RANGE_LOOP_ANALYSIS = YES;
				CLANG_WARN_STRICT_PROTOTYPES = YES;
				CLANG_WARN_SUSPICIOUS_MOVE = YES;
				CLANG_WARN_UNGUARDED_AVAILABILITY = YES_AGGRESSIVE;
				CLANG_WARN_UNREACHABLE_CODE = YES;
				CLANG_WARN__DUPLICATE_METHOD_MATCH = YES;
				COPY_PHASE_STRIP = NO;
				DEBUG_INFORMATION_FORMAT = "dwarf-with-dsym";
				ENABLE_NS_ASSERTIONS = NO;
				ENABLE_STRICT_OBJC_MSGSEND = YES;
				GCC_C_LANGUAGE_STANDARD = gnu11;
				GCC_NO_COMMON_BLOCKS = YES;
				GCC_WARN_64_TO_32_BIT_CONVERSION = YES;
				GCC_WARN_ABOUT_RETURN_TYPE = YES_ERROR;
				GCC_WARN_UNDECLARED_SELECTOR = YES;
				GCC_WARN_UNINITIALIZED_AUTOS = YES_AGGRESSIVE;
				GCC_WARN_UNUSED_FUNCTION = YES;
				GCC_WARN_UNUSED_VARIABLE = YES;
				IPHONEOS_DEPLOYMENT_TARGET = 13.6;
				MTL_ENABLE_DEBUG_INFO = NO;
				MTL_FAST_MATH = YES;
				SDKROOT = iphoneos;
				SWIFT_COMPILATION_MODE = wholemodule;
				SWIFT_OPTIMIZATION_LEVEL = "-O";
				VALIDATE_PRODUCT = YES;
			};
			name = Release;
		};
		BE7AE41224D8A6DB00D357A9 /* Debug */ = {
			isa = XCBuildConfiguration;
			buildSettings = {
				ASSETCATALOG_COMPILER_APPICON_NAME = AppIcon;
				CODE_SIGN_STYLE = Automatic;
				DEVELOPMENT_TEAM = UHTKY94VRM;
				INFOPLIST_FILE = RetroCollector/Info.plist;
				LD_RUNPATH_SEARCH_PATHS = (
					"$(inherited)",
					"@executable_path/Frameworks",
				);
				PRODUCT_BUNDLE_IDENTIFIER = CasaAzul.RetroCollector;
				PRODUCT_NAME = "$(TARGET_NAME)";
				SWIFT_VERSION = 5.0;
				TARGETED_DEVICE_FAMILY = 1;
			};
			name = Debug;
		};
		BE7AE41324D8A6DB00D357A9 /* Release */ = {
			isa = XCBuildConfiguration;
			buildSettings = {
				ASSETCATALOG_COMPILER_APPICON_NAME = AppIcon;
				CODE_SIGN_STYLE = Automatic;
				DEVELOPMENT_TEAM = UHTKY94VRM;
				INFOPLIST_FILE = RetroCollector/Info.plist;
				LD_RUNPATH_SEARCH_PATHS = (
					"$(inherited)",
					"@executable_path/Frameworks",
				);
				PRODUCT_BUNDLE_IDENTIFIER = CasaAzul.RetroCollector;
				PRODUCT_NAME = "$(TARGET_NAME)";
				SWIFT_VERSION = 5.0;
				TARGETED_DEVICE_FAMILY = 1;
			};
			name = Release;
		};
		BE7AE41524D8A6DB00D357A9 /* Debug */ = {
			isa = XCBuildConfiguration;
			buildSettings = {
				ALWAYS_EMBED_SWIFT_STANDARD_LIBRARIES = YES;
				BUNDLE_LOADER = "$(TEST_HOST)";
				CODE_SIGN_STYLE = Automatic;
				DEVELOPMENT_TEAM = UHTKY94VRM;
				INFOPLIST_FILE = RetroCollectorTests/Info.plist;
				IPHONEOS_DEPLOYMENT_TARGET = 13.6;
				LD_RUNPATH_SEARCH_PATHS = (
					"$(inherited)",
					"@executable_path/Frameworks",
					"@loader_path/Frameworks",
				);
				PRODUCT_BUNDLE_IDENTIFIER = CasaAzul.RetroCollectorTests;
				PRODUCT_NAME = "$(TARGET_NAME)";
				SWIFT_VERSION = 5.0;
				TARGETED_DEVICE_FAMILY = "1,2";
				TEST_HOST = "$(BUILT_PRODUCTS_DIR)/RetroCollector.app/RetroCollector";
			};
			name = Debug;
		};
		BE7AE41624D8A6DB00D357A9 /* Release */ = {
			isa = XCBuildConfiguration;
			buildSettings = {
				ALWAYS_EMBED_SWIFT_STANDARD_LIBRARIES = YES;
				BUNDLE_LOADER = "$(TEST_HOST)";
				CODE_SIGN_STYLE = Automatic;
				DEVELOPMENT_TEAM = UHTKY94VRM;
				INFOPLIST_FILE = RetroCollectorTests/Info.plist;
				IPHONEOS_DEPLOYMENT_TARGET = 13.6;
				LD_RUNPATH_SEARCH_PATHS = (
					"$(inherited)",
					"@executable_path/Frameworks",
					"@loader_path/Frameworks",
				);
				PRODUCT_BUNDLE_IDENTIFIER = CasaAzul.RetroCollectorTests;
				PRODUCT_NAME = "$(TARGET_NAME)";
				SWIFT_VERSION = 5.0;
				TARGETED_DEVICE_FAMILY = "1,2";
				TEST_HOST = "$(BUILT_PRODUCTS_DIR)/RetroCollector.app/RetroCollector";
			};
			name = Release;
		};
/* End XCBuildConfiguration section */

/* Begin XCConfigurationList section */
		BE7AE3EA24D8A6D800D357A9 /* Build configuration list for PBXProject "RetroCollector" */ = {
			isa = XCConfigurationList;
			buildConfigurations = (
				BE7AE40F24D8A6DB00D357A9 /* Debug */,
				BE7AE41024D8A6DB00D357A9 /* Release */,
			);
			defaultConfigurationIsVisible = 0;
			defaultConfigurationName = Release;
		};
		BE7AE41124D8A6DB00D357A9 /* Build configuration list for PBXNativeTarget "RetroCollector" */ = {
			isa = XCConfigurationList;
			buildConfigurations = (
				BE7AE41224D8A6DB00D357A9 /* Debug */,
				BE7AE41324D8A6DB00D357A9 /* Release */,
			);
			defaultConfigurationIsVisible = 0;
			defaultConfigurationName = Release;
		};
		BE7AE41424D8A6DB00D357A9 /* Build configuration list for PBXNativeTarget "RetroCollectorTests" */ = {
			isa = XCConfigurationList;
			buildConfigurations = (
				BE7AE41524D8A6DB00D357A9 /* Debug */,
				BE7AE41624D8A6DB00D357A9 /* Release */,
			);
			defaultConfigurationIsVisible = 0;
			defaultConfigurationName = Release;
		};
/* End XCConfigurationList section */

/* Begin XCVersionGroup section */
		BE7AE3FB24D8A6D800D357A9 /* RetroCollector.xcdatamodeld */ = {
			isa = XCVersionGroup;
			children = (
				BE7AE3FC24D8A6D800D357A9 /* RetroCollector.xcdatamodel */,
			);
			currentVersion = BE7AE3FC24D8A6D800D357A9 /* RetroCollector.xcdatamodel */;
			path = RetroCollector.xcdatamodeld;
			sourceTree = "<group>";
			versionGroupType = wrapper.xcdatamodel;
		};
/* End XCVersionGroup section */
	};
	rootObject = BE7AE3E724D8A6D800D357A9 /* Project object */;
}
